
Microsoft Visual Studio Solution File, Format Version 12.00
# Visual Studio Version 17
VisualStudioVersion = 17.8.34330.188
MinimumVisualStudioVersion = 10.0.40219.1
Project("{FAE04EC0-301F-11D3-BF4B-00C04F79EFBC}") = "BeautySalonApp", "BeautySalonApp\BeautySalonApp.csproj", "{64410FB1-557E-431F-9AD7-1A51504AA155}"
EndProject
Global
	GlobalSection(SolutionConfigurationPlatforms) = preSolution
		Debug|Any CPU = Debug|Any CPU
		Release|Any CPU = Release|Any CPU
	EndGlobalSection
	GlobalSection(ProjectConfigurationPlatforms) = postSolution
		{64410FB1-557E-431F-9AD7-1A51504AA155}.Debug|Any CPU.ActiveCfg = Debug|Any CPU
		{64410FB1-557E-431F-9AD7-1A51504AA155}.Debug|Any CPU.Build.0 = Debug|Any CPU
		{64410FB1-557E-431F-9AD7-1A51504AA155}.Release|Any CPU.ActiveCfg = Release|Any CPU
		{64410FB1-557E-431F-9AD7-1A51504AA155}.Release|Any CPU.Build.0 = Release|Any CPU
	EndGlobalSection
	GlobalSection(SolutionProperties) = preSolution
		HideSolutionNode = FALSE
	EndGlobalSection
	GlobalSection(ExtensibilityGlobals) = postSolution
		SolutionGuid = {6DF7D243-DAEA-45DC-9594-5B2356AED03A}
	EndGlobalSection
EndGlobal
